
Microsoft Visual Studio Solution File, Format Version 12.00
# Visual Studio Version 16
VisualStudioVersion = 16.0.30523.141
MinimumVisualStudioVersion = 10.0.40219.1
Project("{FAE04EC0-301F-11D3-BF4B-00C04F79EFBC}") = "BlogSite", "BlogSite.csproj", "{C2DEA66C-9068-4246-9888-F38C3402D8F1}"
EndProject
Global
	GlobalSection(SolutionConfigurationPlatforms) = preSolution
		Debug|Any CPU = Debug|Any CPU
		Release|Any CPU = Release|Any CPU
	EndGlobalSection
	GlobalSection(ProjectConfigurationPlatforms) = postSolution
		{C2DEA66C-9068-4246-9888-F38C3402D8F1}.Debug|Any CPU.ActiveCfg = Debug|Any CPU
		{C2DEA66C-9068-4246-9888-F38C3402D8F1}.Debug|Any CPU.Build.0 = Debug|Any CPU
		{C2DEA66C-9068-4246-9888-F38C3402D8F1}.Release|Any CPU.ActiveCfg = Release|Any CPU
		{C2DEA66C-9068-4246-9888-F38C3402D8F1}.Release|Any CPU.Build.0 = Release|Any CPU
	EndGlobalSection
	GlobalSection(SolutionProperties) = preSolution
		HideSolutionNode = FALSE
	EndGlobalSection
	GlobalSection(ExtensibilityGlobals) = postSolution
		SolutionGuid = {8955963E-9E82-488E-AADA-9C87A39F2E63}
	EndGlobalSection
EndGlobal
